
Microsoft Visual Studio Solution File, Format Version 12.00
# Visual Studio Version 16
VisualStudioVersion = 16.0.31402.337
MinimumVisualStudioVersion = 10.0.40219.1
Project("{FAE04EC0-301F-11D3-BF4B-00C04F79EFBC}") = "MyVisualStudioApp", "MyVisualStudioApp\MyVisualStudioApp.csproj", "{FB81303F-185D-46B1-8287-A92A1BB68D2D}"
EndProject
Global
	GlobalSection(SolutionConfigurationPlatforms) = preSolution
		Debug|Any CPU = Debug|Any CPU
		Release|Any CPU = Release|Any CPU
	EndGlobalSection
	GlobalSection(ProjectConfigurationPlatforms) = postSolution
		{FB81303F-185D-46B1-8287-A92A1BB68D2D}.Debug|Any CPU.ActiveCfg = Debug|Any CPU
		{FB81303F-185D-46B1-8287-A92A1BB68D2D}.Debug|Any CPU.Build.0 = Debug|Any CPU
		{FB81303F-185D-46B1-8287-A92A1BB68D2D}.Release|Any CPU.ActiveCfg = Release|Any CPU
		{FB81303F-185D-46B1-8287-A92A1BB68D2D}.Release|Any CPU.Build.0 = Release|Any CPU
	EndGlobalSection
	GlobalSection(SolutionProperties) = preSolution
		HideSolutionNode = FALSE
	EndGlobalSection
	GlobalSection(ExtensibilityGlobals) = postSolution
		SolutionGuid = {CEEE64FF-EC26-4B7C-BC99-2B098B956B3B}
	EndGlobalSection
EndGlobal
